
Microsoft Visual Studio Solution File, Format Version 12.00
# Visual Studio Version 16
VisualStudioVersion = 16.0.31019.35
MinimumVisualStudioVersion = 10.0.40219.1
Project("{9A19103F-16F7-4668-BE54-9A1E7A4F7556}") = "TopTrumps.Data", "TopTrumps.Data\TopTrumps.Data.csproj", "{ED87147C-79D6-4712-865A-D6A53FBC1CF7}"
EndProject
Project("{9A19103F-16F7-4668-BE54-9A1E7A4F7556}") = "TopTrumps.WebApp", "TopTrumps.WebApp\TopTrumps.WebApp.csproj", "{E510B50F-7456-4135-934A-1756C52F0E16}"
EndProject
Project("{9A19103F-16F7-4668-BE54-9A1E7A4F7556}") = "TopTrumps.Data.Tests", "TopTrumps.Data.Tests\TopTrumps.Data.Tests.csproj", "{3F58A72E-5D60-4CAD-87D1-DF4B40E8201B}"
EndProject
Project("{9A19103F-16F7-4668-BE54-9A1E7A4F7556}") = "TopTrumps.Files", "TopTrumps.Files\TopTrumps.Files.csproj", "{A1E6AE78-620F-41FC-B2E7-0EDD750055D7}"
EndProject
Project("{2150E333-8FDC-42A3-9474-1A3956D46DE8}") = "Tests", "Tests", "{24E543A3-C27F-45E4-AB90-63448E54DD5C}"
EndProject
Global
	GlobalSection(SolutionConfigurationPlatforms) = preSolution
		Debug|Any CPU = Debug|Any CPU
		Release|Any CPU = Release|Any CPU
	EndGlobalSection
	GlobalSection(ProjectConfigurationPlatforms) = postSolution
		{ED87147C-79D6-4712-865A-D6A53FBC1CF7}.Debug|Any CPU.ActiveCfg = Debug|Any CPU
		{ED87147C-79D6-4712-865A-D6A53FBC1CF7}.Debug|Any CPU.Build.0 = Debug|Any CPU
		{ED87147C-79D6-4712-865A-D6A53FBC1CF7}.Release|Any CPU.ActiveCfg = Release|Any CPU
		{ED87147C-79D6-4712-865A-D6A53FBC1CF7}.Release|Any CPU.Build.0 = Release|Any CPU
		{E510B50F-7456-4135-934A-1756C52F0E16}.Debug|Any CPU.ActiveCfg = Debug|Any CPU
		{E510B50F-7456-4135-934A-1756C52F0E16}.Debug|Any CPU.Build.0 = Debug|Any CPU
		{E510B50F-7456-4135-934A-1756C52F0E16}.Release|Any CPU.ActiveCfg = Release|Any CPU
		{E510B50F-7456-4135-934A-1756C52F0E16}.Release|Any CPU.Build.0 = Release|Any CPU
		{3F58A72E-5D60-4CAD-87D1-DF4B40E8201B}.Debug|Any CPU.ActiveCfg = Debug|Any CPU
		{3F58A72E-5D60-4CAD-87D1-DF4B40E8201B}.Debug|Any CPU.Build.0 = Debug|Any CPU
		{3F58A72E-5D60-4CAD-87D1-DF4B40E8201B}.Release|Any CPU.ActiveCfg = Release|Any CPU
		{3F58A72E-5D60-4CAD-87D1-DF4B40E8201B}.Release|Any CPU.Build.0 = Release|Any CPU
		{A1E6AE78-620F-41FC-B2E7-0EDD750055D7}.Debug|Any CPU.ActiveCfg = Debug|Any CPU
		{A1E6AE78-620F-41FC-B2E7-0EDD750055D7}.Debug|Any CPU.Build.0 = Debug|Any CPU
		{A1E6AE78-620F-41FC-B2E7-0EDD750055D7}.Release|Any CPU.ActiveCfg = Release|Any CPU
		{A1E6AE78-620F-41FC-B2E7-0EDD750055D7}.Release|Any CPU.Build.0 = Release|Any CPU
	EndGlobalSection
	GlobalSection(SolutionProperties) = preSolution
		HideSolutionNode = FALSE
	EndGlobalSection
	GlobalSection(NestedProjects) = preSolution
		{3F58A72E-5D60-4CAD-87D1-DF4B40E8201B} = {24E543A3-C27F-45E4-AB90-63448E54DD5C}
	EndGlobalSection
	GlobalSection(ExtensibilityGlobals) = postSolution
		SolutionGuid = {C9C37A62-E790-446E-9AC8-A4AF494DD059}
	EndGlobalSection
EndGlobal
